
Microsoft Visual Studio Solution File, Format Version 12.00
# Visual Studio 2013
VisualStudioVersion = 12.0.21005.1
MinimumVisualStudioVersion = 10.0.40219.1
Project("{FAE04EC0-301F-11D3-BF4B-00C04F79EFBC}") = "musicDownloader", "musicDownloader\musicDownloader.csproj", "{B88E0C49-9111-484C-BC06-5EA08C6E1D62}"
EndProject
Project("{FAE04EC0-301F-11D3-BF4B-00C04F79EFBC}") = "AppCore", "AppCore\AppCore.csproj", "{EA293737-2DBB-4EAD-9DF4-2EC1D8E03B24}"
EndProject
Global
	GlobalSection(SolutionConfigurationPlatforms) = preSolution
		Debug|Any CPU = Debug|Any CPU
		Release|Any CPU = Release|Any CPU
	EndGlobalSection
	GlobalSection(ProjectConfigurationPlatforms) = postSolution
		{B88E0C49-9111-484C-BC06-5EA08C6E1D62}.Debug|Any CPU.ActiveCfg = Debug|Any CPU
		{B88E0C49-9111-484C-BC06-5EA08C6E1D62}.Debug|Any CPU.Build.0 = Debug|Any CPU
		{B88E0C49-9111-484C-BC06-5EA08C6E1D62}.Release|Any CPU.ActiveCfg = Release|Any CPU
		{B88E0C49-9111-484C-BC06-5EA08C6E1D62}.Release|Any CPU.Build.0 = Release|Any CPU
		{EA293737-2DBB-4EAD-9DF4-2EC1D8E03B24}.Debug|Any CPU.ActiveCfg = Debug|Any CPU
		{EA293737-2DBB-4EAD-9DF4-2EC1D8E03B24}.Debug|Any CPU.Build.0 = Debug|Any CPU
		{EA293737-2DBB-4EAD-9DF4-2EC1D8E03B24}.Release|Any CPU.ActiveCfg = Release|Any CPU
		{EA293737-2DBB-4EAD-9DF4-2EC1D8E03B24}.Release|Any CPU.Build.0 = Release|Any CPU
	EndGlobalSection
	GlobalSection(SolutionProperties) = preSolution
		HideSolutionNode = FALSE
	EndGlobalSection
EndGlobal
